Microsoft Visual Studio Solution File, Format Version 11.00
# Visual Studio 2008

Project("{50431277-CA52-44F0-E6FE-2E246AFFF1A9}") = "Duality-thisshouldworkbranch", "Assembly-CSharp.csproj", "{11B2A769-D8BB-D754-A069-543344553F40}"
EndProject
Global
	GlobalSection(SolutionConfigurationPlatforms) = preSolution
		Debug|Any CPU = Debug|Any CPU
		Release|Any CPU = Release|Any CPU
	EndGlobalSection
	GlobalSection(ProjectConfigurationPlatforms) = postSolution
		{11B2A769-D8BB-D754-A069-543344553F40}.Debug|Any CPU.ActiveCfg = Debug|Any CPU
		{11B2A769-D8BB-D754-A069-543344553F40}.Debug|Any CPU.Build.0 = Debug|Any CPU
		{11B2A769-D8BB-D754-A069-543344553F40}.Release|Any CPU.ActiveCfg = Release|Any CPU
		{11B2A769-D8BB-D754-A069-543344553F40}.Release|Any CPU.Build.0 = Release|Any CPU
	EndGlobalSection
	GlobalSection(SolutionProperties) = preSolution
		HideSolutionNode = FALSE
	EndGlobalSection
	GlobalSection(MonoDevelopProperties) = preSolution
		StartupItem = Assembly-CSharp.csproj
	EndGlobalSection
EndGlobal
