Microsoft Visual Studio Solution File, Format Version 11.00
# Visual Studio 2008

Project("{99F0AC49-183B-FE97-67DB-E6268162C12A}") = "Duality-master", "Assembly-CSharp.csproj", "{5319DB23-817A-AD21-4058-8BCACA539F78}"
EndProject
Global
	GlobalSection(SolutionConfigurationPlatforms) = preSolution
		Debug|Any CPU = Debug|Any CPU
		Release|Any CPU = Release|Any CPU
	EndGlobalSection
	GlobalSection(ProjectConfigurationPlatforms) = postSolution
		{5319DB23-817A-AD21-4058-8BCACA539F78}.Debug|Any CPU.ActiveCfg = Debug|Any CPU
		{5319DB23-817A-AD21-4058-8BCACA539F78}.Debug|Any CPU.Build.0 = Debug|Any CPU
		{5319DB23-817A-AD21-4058-8BCACA539F78}.Release|Any CPU.ActiveCfg = Release|Any CPU
		{5319DB23-817A-AD21-4058-8BCACA539F78}.Release|Any CPU.Build.0 = Release|Any CPU
	EndGlobalSection
	GlobalSection(SolutionProperties) = preSolution
		HideSolutionNode = FALSE
	EndGlobalSection
	GlobalSection(MonoDevelopProperties) = preSolution
		StartupItem = Assembly-CSharp.csproj
	EndGlobalSection
EndGlobal
